// !$*UTF8*$!
{
	archiveVersion = 1;
	classes = {
	};
	objectVersion = 56;
	objects = {

/* Begin PBXBuildFile section */
		476F28F828EBC7E200847870 /* UI_689App.swift in Sources */ = {isa = PBXBuildFile; fileRef = 476F28F728EBC7E200847870 /* UI_689App.swift */; };
		476F28FA28EBC7E200847870 /* ContentView.swift in Sources */ = {isa = PBXBuildFile; fileRef = 476F28F928EBC7E200847870 /* ContentView.swift */; };
		476F28FC28EBC7E300847870 /* Assets.xcassets in Resources */ = {isa = PBXBuildFile; fileRef = 476F28FB28EBC7E300847870 /* Assets.xcassets */; };
		476F28FF28EBC7E300847870 /* Preview Assets.xcassets in Resources */ = {isa = PBXBuildFile; fileRef = 476F28FE28EBC7E300847870 /* Preview Assets.xcassets */; };
		476F290928EBC7E300847870 /* UI_689Tests.swift in Sources */ = {isa = PBXBuildFile; fileRef = 476F290828EBC7E300847870 /* UI_689Tests.swift */; };
		476F291328EBC7E300847870 /* UI_689UITests.swift in Sources */ = {isa = PBXBuildFile; fileRef = 476F291228EBC7E300847870 /* UI_689UITests.swift */; };
		476F291528EBC7E300847870 /* UI_689UITestsLaunchTests.swift in Sources */ = {isa = PBXBuildFile; fileRef = 476F291428EBC7E300847870 /* UI_689UITestsLaunchTests.swift */; };
		476F292328EBC83700847870 /* Home.swift in Sources */ = {isa = PBXBuildFile; fileRef = 476F292228EBC83700847870 /* Home.swift */; };
		476F292628EBC85500847870 /* Meesage.swift in Sources */ = {isa = PBXBuildFile; fileRef = 476F292528EBC85500847870 /* Meesage.swift */; };
/* End PBXBuildFile section */

/* Begin PBXContainerItemProxy section */
		476F290528EBC7E300847870 /* PBXContainerItemProxy */ = {
			isa = PBXContainerItemProxy;
			containerPortal = 476F28EC28EBC7E200847870 /* Project object */;
			proxyType = 1;
			remoteGlobalIDString = 476F28F328EBC7E200847870;
			remoteInfo = "UI-689";
		};
		476F290F28EBC7E300847870 /* PBXContainerItemProxy */ = {
			isa = PBXContainerItemProxy;
			containerPortal = 476F28EC28EBC7E200847870 /* Project object */;
			proxyType = 1;
			remoteGlobalIDString = 476F28F328EBC7E200847870;
			remoteInfo = "UI-689";
		};
/* End PBXContainerItemProxy section */

/* Begin PBXFileReference section */
		476F28F428EBC7E200847870 /* UI-689.app */ = {isa = PBXFileReference; explicitFileType = wrapper.application; includeInIndex = 0; path = "UI-689.app"; sourceTree = BUILT_PRODUCTS_DIR; };
		476F28F728EBC7E200847870 /* UI_689App.swift */ = {isa = PBXFileReference; lastKnownFileType = sourcecode.swift; path = UI_689App.swift; sourceTree = "<group>"; };
		476F28F928EBC7E200847870 /* ContentView.swift */ = {isa = PBXFileReference; lastKnownFileType = sourcecode.swift; path = ContentView.swift; sourceTree = "<group>"; };
		476F28FB28EBC7E300847870 /* Assets.xcassets */ = {isa = PBXFileReference; lastKnownFileType = folder.assetcatalog; path = Assets.xcassets; sourceTree = "<group>"; };
		476F28FE28EBC7E300847870 /* Preview Assets.xcassets */ = {isa = PBXFileReference; lastKnownFileType = folder.assetcatalog; path = "Preview Assets.xcassets"; sourceTree = "<group>"; };
		476F290428EBC7E300847870 /* UI-689Tests.xctest */ = {isa = PBXFileReference; explicitFileType = wrapper.cfbundle; includeInIndex = 0; path = "UI-689Tests.xctest"; sourceTree = BUILT_PRODUCTS_DIR; };
		476F290828EBC7E300847870 /* UI_689Tests.swift */ = {isa = PBXFileReference; lastKnownFileType = sourcecode.swift; path = UI_689Tests.swift; sourceTree = "<group>"; };
		476F290E28EBC7E300847870 /* UI-689UITests.xctest */ = {isa = PBXFileReference; explicitFileType = wrapper.cfbundle; includeInIndex = 0; path = "UI-689UITests.xctest"; sourceTree = BUILT_PRODUCTS_DIR; };
		476F291228EBC7E300847870 /* UI_689UITests.swift */ = {isa = PBXFileReference; lastKnownFileType = sourcecode.swift; path = UI_689UITests.swift; sourceTree = "<group>"; };
		476F291428EBC7E300847870 /* UI_689UITestsLaunchTests.swift */ = {isa = PBXFileReference; lastKnownFileType = sourcecode.swift; path = UI_689UITestsLaunchTests.swift; sourceTree = "<group>"; };
		476F292228EBC83700847870 /* Home.swift */ = {isa = PBXFileReference; lastKnownFileType = sourcecode.swift; path = Home.swift; sourceTree = "<group>"; };
		476F292528EBC85500847870 /* Meesage.swift */ = {isa = PBXFileReference; lastKnownFileType = sourcecode.swift; path = Meesage.swift; sourceTree = "<group>"; };
/* End PBXFileReference section */

/* Begin PBXFrameworksBuildPhase section */
		476F28F128EBC7E200847870 /* Frameworks */ = {
			isa = PBXFrameworksBuildPhase;
			buildActionMask = 2147483647;
			files = (
			);
			runOnlyForDeploymentPostprocessing = 0;
		};
		476F290128EBC7E300847870 /* Frameworks */ = {
			isa = PBXFrameworksBuildPhase;
			buildActionMask = 2147483647;
			files = (
			);
			runOnlyForDeploymentPostprocessing = 0;
		};
		476F290B28EBC7E300847870 /* Frameworks */ = {
			isa = PBXFrameworksBuildPhase;
			buildActionMask = 2147483647;
			files = (
			);
			runOnlyForDeploymentPostprocessing = 0;
		};
/* End PBXFrameworksBuildPhase section */

/* Begin PBXGroup section */
		476F28EB28EBC7E200847870 = {
			isa = PBXGroup;
			children = (
				476F28F628EBC7E200847870 /* UI-689 */,
				476F290728EBC7E300847870 /* UI-689Tests */,
				476F291128EBC7E300847870 /* UI-689UITests */,
				476F28F528EBC7E200847870 /* Products */,
			);
			sourceTree = "<group>";
		};
		476F28F528EBC7E200847870 /* Products */ = {
			isa = PBXGroup;
			children = (
				476F28F428EBC7E200847870 /* UI-689.app */,
				476F290428EBC7E300847870 /* UI-689Tests.xctest */,
				476F290E28EBC7E300847870 /* UI-689UITests.xctest */,
			);
			name = Products;
			sourceTree = "<group>";
		};
		476F28F628EBC7E200847870 /* UI-689 */ = {
			isa = PBXGroup;
			children = (
				476F292428EBC84E00847870 /* Model */,
				476F292128EBC82F00847870 /* View */,
				476F28F728EBC7E200847870 /* UI_689App.swift */,
				476F28F928EBC7E200847870 /* ContentView.swift */,
				476F28FB28EBC7E300847870 /* Assets.xcassets */,
				476F28FD28EBC7E300847870 /* Preview Content */,
			);
			path = "UI-689";
			sourceTree = "<group>";
		};
		476F28FD28EBC7E300847870 /* Preview Content */ = {
			isa = PBXGroup;
			children = (
				476F28FE28EBC7E300847870 /* Preview Assets.xcassets */,
			);
			path = "Preview Content";
			sourceTree = "<group>";
		};
		476F290728EBC7E300847870 /* UI-689Tests */ = {
			isa = PBXGroup;
			children = (
				476F290828EBC7E300847870 /* UI_689Tests.swift */,
			);
			path = "UI-689Tests";
			sourceTree = "<group>";
		};
		476F291128EBC7E300847870 /* UI-689UITests */ = {
			isa = PBXGroup;
			children = (
				476F291228EBC7E300847870 /* UI_689UITests.swift */,
				476F291428EBC7E300847870 /* UI_689UITestsLaunchTests.swift */,
			);
			path = "UI-689UITests";
			sourceTree = "<group>";
		};
		476F292128EBC82F00847870 /* View */ = {
			isa = PBXGroup;
			children = (
				476F292228EBC83700847870 /* Home.swift */,
			);
			path = View;
			sourceTree = "<group>";
		};
		476F292428EBC84E00847870 /* Model */ = {
			isa = PBXGroup;
			children = (
				476F292528EBC85500847870 /* Meesage.swift */,
			);
			path = Model;
			sourceTree = "<group>";
		};
/* End PBXGroup section */

/* Begin PBXNativeTarget section */
		476F28F328EBC7E200847870 /* UI-689 */ = {
			isa = PBXNativeTarget;
			buildConfigurationList = 476F291828EBC7E300847870 /* Build configuration list for PBXNativeTarget "UI-689" */;
			buildPhases = (
				476F28F028EBC7E200847870 /* Sources */,
				476F28F128EBC7E200847870 /* Frameworks */,
				476F28F228EBC7E200847870 /* Resources */,
			);
			buildRules = (
			);
			dependencies = (
			);
			name = "UI-689";
			productName = "UI-689";
			productReference = 476F28F428EBC7E200847870 /* UI-689.app */;
			productType = "com.apple.product-type.application";
		};
		476F290328EBC7E300847870 /* UI-689Tests */ = {
			isa = PBXNativeTarget;
			buildConfigurationList = 476F291B28EBC7E300847870 /* Build configuration list for PBXNativeTarget "UI-689Tests" */;
			buildPhases = (
				476F290028EBC7E300847870 /* Sources */,
				476F290128EBC7E300847870 /* Frameworks */,
				476F290228EBC7E300847870 /* Resources */,
			);
			buildRules = (
			);
			dependencies = (
				476F290628EBC7E300847870 /* PBXTargetDependency */,
			);
			name = "UI-689Tests";
			productName = "UI-689Tests";
			productReference = 476F290428EBC7E300847870 /* UI-689Tests.xctest */;
			productType = "com.apple.product-type.bundle.unit-test";
		};
		476F290D28EBC7E300847870 /* UI-689UITests */ = {
			isa = PBXNativeTarget;
			buildConfigurationList = 476F291E28EBC7E300847870 /* Build configuration list for PBXNativeTarget "UI-689UITests" */;
			buildPhases = (
				476F290A28EBC7E300847870 /* Sources */,
				476F290B28EBC7E300847870 /* Frameworks */,
				476F290C28EBC7E300847870 /* Resources */,
			);
			buildRules = (
			);
			dependencies = (
				476F291028EBC7E300847870 /* PBXTargetDependency */,
			);
			name = "UI-689UITests";
			productName = "UI-689UITests";
			productReference = 476F290E28EBC7E300847870 /* UI-689UITests.xctest */;
			productType = "com.apple.product-type.bundle.ui-testing";
		};
/* End PBXNativeTarget section */

/* Begin PBXProject section */
		476F28EC28EBC7E200847870 /* Project object */ = {
			isa = PBXProject;
			attributes = {
				BuildIndependentTargetsInParallel = 1;
				LastSwiftUpdateCheck = 1410;
				LastUpgradeCheck = 1410;
				TargetAttributes = {
					476F28F328EBC7E200847870 = {
						CreatedOnToolsVersion = 14.1;
					};
					476F290328EBC7E300847870 = {
						CreatedOnToolsVersion = 14.1;
						TestTargetID = 476F28F328EBC7E200847870;
					};
					476F290D28EBC7E300847870 = {
						CreatedOnToolsVersion = 14.1;
						TestTargetID = 476F28F328EBC7E200847870;
					};
				};
			};
			buildConfigurationList = 476F28EF28EBC7E200847870 /* Build configuration list for PBXProject "UI-689" */;
			compatibilityVersion = "Xcode 14.0";
			developmentRegion = en;
			hasScannedForEncodings = 0;
			knownRegions = (
				en,
				Base,
			);
			mainGroup = 476F28EB28EBC7E200847870;
			productRefGroup = 476F28F528EBC7E200847870 /* Products */;
			projectDirPath = "";
			projectRoot = "";
			targets = (
				476F28F328EBC7E200847870 /* UI-689 */,
				476F290328EBC7E300847870 /* UI-689Tests */,
				476F290D28EBC7E300847870 /* UI-689UITests */,
			);
		};
/* End PBXProject section */

/* Begin PBXResourcesBuildPhase section */
		476F28F228EBC7E200847870 /* Resources */ = {
			isa = PBXResourcesBuildPhase;
			buildActionMask = 2147483647;
			files = (
				476F28FF28EBC7E300847870 /* Preview Assets.xcassets in Resources */,
				476F28FC28EBC7E300847870 /* Assets.xcassets in Resources */,
			);
			runOnlyForDeploymentPostprocessing = 0;
		};
		476F290228EBC7E300847870 /* Resources */ = {
			isa = PBXResourcesBuildPhase;
			buildActionMask = 2147483647;
			files = (
			);
			runOnlyForDeploymentPostprocessing = 0;
		};
		476F290C28EBC7E300847870 /* Resources */ = {
			isa = PBXResourcesBuildPhase;
			buildActionMask = 2147483647;
			files = (
			);
			runOnlyForDeploymentPostprocessing = 0;
		};
/* End PBXResourcesBuildPhase section */

/* Begin PBXSourcesBuildPhase section */
		476F28F028EBC7E200847870 /* Sources */ = {
			isa = PBXSourcesBuildPhase;
			buildActionMask = 2147483647;
			files = (
				476F28FA28EBC7E200847870 /* ContentView.swift in Sources */,
				476F292328EBC83700847870 /* Home.swift in Sources */,
				476F28F828EBC7E200847870 /* UI_689App.swift in Sources */,
				476F292628EBC85500847870 /* Meesage.swift in Sources */,
			);
			runOnlyForDeploymentPostprocessing = 0;
		};
		476F290028EBC7E300847870 /* Sources */ = {
			isa = PBXSourcesBuildPhase;
			buildActionMask = 2147483647;
			files = (
				476F290928EBC7E300847870 /* UI_689Tests.swift in Sources */,
			);
			runOnlyForDeploymentPostprocessing = 0;
		};
		476F290A28EBC7E300847870 /* Sources */ = {
			isa = PBXSourcesBuildPhase;
			buildActionMask = 2147483647;
			files = (
				476F291528EBC7E300847870 /* UI_689UITestsLaunchTests.swift in Sources */,
				476F291328EBC7E300847870 /* UI_689UITests.swift in Sources */,
			);
			runOnlyForDeploymentPostprocessing = 0;
		};
/* End PBXSourcesBuildPhase section */

/* Begin PBXTargetDependency section */
		476F290628EBC7E300847870 /* PBXTargetDependency */ = {
			isa = PBXTargetDependency;
			target = 476F28F328EBC7E200847870 /* UI-689 */;
			targetProxy = 476F290528EBC7E300847870 /* PBXContainerItemProxy */;
		};
		476F291028EBC7E300847870 /* PBXTargetDependency */ = {
			isa = PBXTargetDependency;
			target = 476F28F328EBC7E200847870 /* UI-689 */;
			targetProxy = 476F290F28EBC7E300847870 /* PBXContainerItemProxy */;
		};
/* End PBXTargetDependency section */

/* Begin XCBuildConfiguration section */
		476F291628EBC7E300847870 /* Debug */ = {
			isa = XCBuildConfiguration;
			buildSettings = {
				ALWAYS_SEARCH_USER_PATHS = NO;
				CLANG_ANALYZER_NONNULL = YES;
				CLANG_ANALYZER_NUMBER_OBJECT_CONVERSION = YES_AGGRESSIVE;
				CLANG_CXX_LANGUAGE_STANDARD = "gnu++20";
				CLANG_ENABLE_MODULES = YES;
				CLANG_ENABLE_OBJC_ARC = YES;
				CLANG_ENABLE_OBJC_WEAK = YES;
				CLANG_WARN_BLOCK_CAPTURE_AUTORELEASING = YES;
				CLANG_WARN_BOOL_CONVERSION = YES;
				CLANG_WARN_COMMA = YES;
				CLANG_WARN_CONSTANT_CONVERSION = YES;
				CLANG_WARN_DEPRECATED_OBJC_IMPLEMENTATIONS = YES;
				CLANG_WARN_DIRECT_OBJC_ISA_USAGE = YES_ERROR;
				CLANG_WARN_DOCUMENTATION_COMMENTS = YES;
				CLANG_WARN_EMPTY_BODY = YES;
				CLANG_WARN_ENUM_CONVERSION = YES;
				CLANG_WARN_INFINITE_RECURSION = YES;
				CLANG_WARN_INT_CONVERSION = YES;
				CLANG_WARN_NON_LITERAL_NULL_CONVERSION = YES;
				CLANG_WARN_OBJC_IMPLICIT_RETAIN_SELF = YES;
				CLANG_WARN_OBJC_LITERAL_CONVERSION = YES;
				CLANG_WARN_OBJC_ROOT_CLASS = YES_ERROR;
				CLANG_WARN_QUOTED_INCLUDE_IN_FRAMEWORK_HEADER = YES;
				CLANG_WARN_RANGE_LOOP_ANALYSIS = YES;
				CLANG_WARN_STRICT_PROTOTYPES = YES;
				CLANG_WARN_SUSPICIOUS_MOVE = YES;
				CLANG_WARN_UNGUARDED_AVAILABILITY = YES_AGGRESSIVE;
				CLANG_WARN_UNREACHABLE_CODE = YES;
				CLANG_WARN__DUPLICATE_METHOD_MATCH = YES;
				COPY_PHASE_STRIP = NO;
				DEBUG_INFORMATION_FORMAT = dwarf;
				ENABLE_STRICT_OBJC_MSGSEND = YES;
				ENABLE_TESTABILITY = YES;
				GCC_C_LANGUAGE_STANDARD = gnu11;
				GCC_DYNAMIC_NO_PIC = NO;
				GCC_NO_COMMON_BLOCKS = YES;
				GCC_OPTIMIZATION_LEVEL = 0;
				GCC_PREPROCESSOR_DEFINITIONS = (
					"DEBUG=1",
					"$(inherited)",
				);
				GCC_WARN_64_TO_32_BIT_CONVERSION = YES;
				GCC_WARN_ABOUT_RETURN_TYPE = YES_ERROR;
				GCC_WARN_UNDECLARED_SELECTOR = YES;
				GCC_WARN_UNINITIALIZED_AUTOS = YES_AGGRESSIVE;
				GCC_WARN_UNUSED_FUNCTION = YES;
				GCC_WARN_UNUSED_VARIABLE = YES;
				IPHONEOS_DEPLOYMENT_TARGET = 16.1;
				MTL_ENABLE_DEBUG_INFO = INCLUDE_SOURCE;
				MTL_FAST_MATH = YES;
				ONLY_ACTIVE_ARCH = YES;
				SDKROOT = iphoneos;
				SWIFT_ACTIVE_COMPILATION_CONDITIONS = DEBUG;
				SWIFT_OPTIMIZATION_LEVEL = "-Onone";
			};
			name = Debug;
		};
		476F291728EBC7E300847870 /* Release */ = {
			isa = XCBuildConfiguration;
			buildSettings = {
				ALWAYS_SEARCH_USER_PATHS = NO;
				CLANG_ANALYZER_NONNULL = YES;
				CLANG_ANALYZER_NUMBER_OBJECT_CONVERSION = YES_AGGRESSIVE;
				CLANG_CXX_LANGUAGE_STANDARD = "gnu++20";
				CLANG_ENABLE_MODULES = YES;
				CLANG_ENABLE_OBJC_ARC = YES;
				CLANG_ENABLE_OBJC_WEAK = YES;
				CLANG_WARN_BLOCK_CAPTURE_AUTORELEASING = YES;
				CLANG_WARN_BOOL_CONVERSION = YES;
				CLANG_WARN_COMMA = YES;
				CLANG_WARN_CONSTANT_CONVERSION = YES;
				CLANG_WARN_DEPRECATED_OBJC_IMPLEMENTATIONS = YES;
				CLANG_WARN_DIRECT_OBJC_ISA_USAGE = YES_ERROR;
				CLANG_WARN_DOCUMENTATION_COMMENTS = YES;
				CLANG_WARN_EMPTY_BODY = YES;
				CLANG_WARN_ENUM_CONVERSION = YES;
				CLANG_WARN_INFINITE_RECURSION = YES;
				CLANG_WARN_INT_CONVERSION = YES;
				CLANG_WARN_NON_LITERAL_NULL_CONVERSION = YES;
				CLANG_WARN_OBJC_IMPLICIT_RETAIN_SELF = YES;
				CLANG_WARN_OBJC_LITERAL_CONVERSION = YES;
				CLANG_WARN_OBJC_ROOT_CLASS = YES_ERROR;
				CLANG_WARN_QUOTED_INCLUDE_IN_FRAMEWORK_HEADER = YES;
				CLANG_WARN_RANGE_LOOP_ANALYSIS = YES;
				CLANG_WARN_STRICT_PROTOTYPES = YES;
				CLANG_WARN_SUSPICIOUS_MOVE = YES;
				CLANG_WARN_UNGUARDED_AVAILABILITY = YES_AGGRESSIVE;
				CLANG_WARN_UNREACHABLE_CODE = YES;
				CLANG_WARN__DUPLICATE_METHOD_MATCH = YES;
				COPY_PHASE_STRIP = NO;
				DEBUG_INFORMATION_FORMAT = "dwarf-with-dsym";
				ENABLE_NS_ASSERTIONS = NO;
				ENABLE_STRICT_OBJC_MSGSEND = YES;
				GCC_C_LANGUAGE_STANDARD = gnu11;
				GCC_NO_COMMON_BLOCKS = YES;
				GCC_WARN_64_TO_32_BIT_CONVERSION = YES;
				GCC_WARN_ABOUT_RETURN_TYPE = YES_ERROR;
				GCC_WARN_UNDECLARED_SELECTOR = YES;
				GCC_WARN_UNINITIALIZED_AUTOS = YES_AGGRESSIVE;
				GCC_WARN_UNUSED_FUNCTION = YES;
				GCC_WARN_UNUSED_VARIABLE = YES;
				IPHONEOS_DEPLOYMENT_TARGET = 16.1;
				MTL_ENABLE_DEBUG_INFO = NO;
				MTL_FAST_MATH = YES;
				SDKROOT = iphoneos;
				SWIFT_COMPILATION_MODE = wholemodule;
				SWIFT_OPTIMIZATION_LEVEL = "-O";
				VALIDATE_PRODUCT = YES;
			};
			name = Release;
		};
		476F291928EBC7E300847870 /* Debug */ = {
			isa = XCBuildConfiguration;
			buildSettings = {
				ASSETCATALOG_COMPILER_APPICON_NAME = AppIcon;
				ASSETCATALOG_COMPILER_GLOBAL_ACCENT_COLOR_NAME = AccentColor;
				CODE_SIGN_STYLE = Automatic;
				CURRENT_PROJECT_VERSION = 1;
				DEVELOPMENT_ASSET_PATHS = "\"UI-689/Preview Content\"";
				DEVELOPMENT_TEAM = 8CL4U468K5;
				ENABLE_PREVIEWS = YES;
				GENERATE_INFOPLIST_FILE = YES;
				INFOPLIST_KEY_UIApplicationSceneManifest_Generation = YES;
				INFOPLIST_KEY_UIApplicationSupportsIndirectInputEvents = YES;
				INFOPLIST_KEY_UILaunchScreen_Generation = YES;
				INFOPLIST_KEY_UISupportedInterfaceOrientations_iPad = "UIInterfaceOrientationPortrait UIInterfaceOrientationPortraitUpsideDown UIInterfaceOrientationLandscapeLeft UIInterfaceOrientationLandscapeRight";
				INFOPLIST_KEY_UISupportedInterfaceOrientations_iPhone = "UIInterfaceOrientationPortrait UIInterfaceOrientationLandscapeLeft UIInterfaceOrientationLandscapeRight";
				LD_RUNPATH_SEARCH_PATHS = (
					"$(inherited)",
					"@executable_path/Frameworks",
				);
				MARKETING_VERSION = 1.0;
				PRODUCT_BUNDLE_IDENTIFIER = "com.585.UI-689";
				PRODUCT_NAME = "$(TARGET_NAME)";
				SWIFT_EMIT_LOC_STRINGS = YES;
				SWIFT_VERSION = 5.0;
				TARGETED_DEVICE_FAMILY = "1,2";
			};
			name = Debug;
		};
		476F291A28EBC7E300847870 /* Release */ = {
			isa = XCBuildConfiguration;
			buildSettings = {
				ASSETCATALOG_COMPILER_APPICON_NAME = AppIcon;
				ASSETCATALOG_COMPILER_GLOBAL_ACCENT_COLOR_NAME = AccentColor;
				CODE_SIGN_STYLE = Automatic;
				CURRENT_PROJECT_VERSION = 1;
				DEVELOPMENT_ASSET_PATHS = "\"UI-689/Preview Content\"";
				DEVELOPMENT_TEAM = 8CL4U468K5;
				ENABLE_PREVIEWS = YES;
				GENERATE_INFOPLIST_FILE = YES;
				INFOPLIST_KEY_UIApplicationSceneManifest_Generation = YES;
				INFOPLIST_KEY_UIApplicationSupportsIndirectInputEvents = YES;
				INFOPLIST_KEY_UILaunchScreen_Generation = YES;
				INFOPLIST_KEY_UISupportedInterfaceOrientations_iPad = "UIInterfaceOrientationPortrait UIInterfaceOrientationPortraitUpsideDown UIInterfaceOrientationLandscapeLeft UIInterfaceOrientationLandscapeRight";
				INFOPLIST_KEY_UISupportedInterfaceOrientations_iPhone = "UIInterfaceOrientationPortrait UIInterfaceOrientationLandscapeLeft UIInterfaceOrientationLandscapeRight";
				LD_RUNPATH_SEARCH_PATHS = (
					"$(inherited)",
					"@executable_path/Frameworks",
				);
				MARKETING_VERSION = 1.0;
				PRODUCT_BUNDLE_IDENTIFIER = "com.585.UI-689";
				PRODUCT_NAME = "$(TARGET_NAME)";
				SWIFT_EMIT_LOC_STRINGS = YES;
				SWIFT_VERSION = 5.0;
				TARGETED_DEVICE_FAMILY = "1,2";
			};
			name = Release;
		};
		476F291C28EBC7E300847870 /* Debug */ = {
			isa = XCBuildConfiguration;
			buildSettings = {
				ALWAYS_EMBED_SWIFT_STANDARD_LIBRARIES = YES;
				BUNDLE_LOADER = "$(TEST_HOST)";
				CODE_SIGN_STYLE = Automatic;
				CURRENT_PROJECT_VERSION = 1;
				DEVELOPMENT_TEAM = 8CL4U468K5;
				GENERATE_INFOPLIST_FILE = YES;
				IPHONEOS_DEPLOYMENT_TARGET = 16.1;
				MARKETING_VERSION = 1.0;
				PRODUCT_BUNDLE_IDENTIFIER = "com.585.UI-689Tests";
				PRODUCT_NAME = "$(TARGET_NAME)";
				SWIFT_EMIT_LOC_STRINGS = NO;
				SWIFT_VERSION = 5.0;
				TARGETED_DEVICE_FAMILY = "1,2";
				TEST_HOST = "$(BUILT_PRODUCTS_DIR)/UI-689.app/$(BUNDLE_EXECUTABLE_FOLDER_PATH)/UI-689";
			};
			name = Debug;
		};
		476F291D28EBC7E300847870 /* Release */ = {
			isa = XCBuildConfiguration;
			buildSettings = {
				ALWAYS_EMBED_SWIFT_STANDARD_LIBRARIES = YES;
				BUNDLE_LOADER = "$(TEST_HOST)";
				CODE_SIGN_STYLE = Automatic;
				CURRENT_PROJECT_VERSION = 1;
				DEVELOPMENT_TEAM = 8CL4U468K5;
				GENERATE_INFOPLIST_FILE = YES;
				IPHONEOS_DEPLOYMENT_TARGET = 16.1;
				MARKETING_VERSION = 1.0;
				PRODUCT_BUNDLE_IDENTIFIER = "com.585.UI-689Tests";
				PRODUCT_NAME = "$(TARGET_NAME)";
				SWIFT_EMIT_LOC_STRINGS = NO;
				SWIFT_VERSION = 5.0;
				TARGETED_DEVICE_FAMILY = "1,2";
				TEST_HOST = "$(BUILT_PRODUCTS_DIR)/UI-689.app/$(BUNDLE_EXECUTABLE_FOLDER_PATH)/UI-689";
			};
			name = Release;
		};
		476F291F28EBC7E300847870 /* Debug */ = {
			isa = XCBuildConfiguration;
			buildSettings = {
				ALWAYS_EMBED_SWIFT_STANDARD_LIBRARIES = YES;
				CODE_SIGN_STYLE = Automatic;
				CURRENT_PROJECT_VERSION = 1;
				DEVELOPMENT_TEAM = 8CL4U468K5;
				GENERATE_INFOPLIST_FILE = YES;
				MARKETING_VERSION = 1.0;
				PRODUCT_BUNDLE_IDENTIFIER = "com.585.UI-689UITests";
				PRODUCT_NAME = "$(TARGET_NAME)";
				SWIFT_EMIT_LOC_STRINGS = NO;
				SWIFT_VERSION = 5.0;
				TARGETED_DEVICE_FAMILY = "1,2";
				TEST_TARGET_NAME = "UI-689";
			};
			name = Debug;
		};
		476F292028EBC7E300847870 /* Release */ = {
			isa = XCBuildConfiguration;
			buildSettings = {
				ALWAYS_EMBED_SWIFT_STANDARD_LIBRARIES = YES;
				CODE_SIGN_STYLE = Automatic;
				CURRENT_PROJECT_VERSION = 1;
				DEVELOPMENT_TEAM = 8CL4U468K5;
				GENERATE_INFOPLIST_FILE = YES;
				MARKETING_VERSION = 1.0;
				PRODUCT_BUNDLE_IDENTIFIER = "com.585.UI-689UITests";
				PRODUCT_NAME = "$(TARGET_NAME)";
				SWIFT_EMIT_LOC_STRINGS = NO;
				SWIFT_VERSION = 5.0;
				TARGETED_DEVICE_FAMILY = "1,2";
				TEST_TARGET_NAME = "UI-689";
			};
			name = Release;
		};
/* End XCBuildConfiguration section */

/* Begin XCConfigurationList section */
		476F28EF28EBC7E200847870 /* Build configuration list for PBXProject "UI-689" */ = {
			isa = XCConfigurationList;
			buildConfigurations = (
				476F291628EBC7E300847870 /* Debug */,
				476F291728EBC7E300847870 /* Release */,
			);
			defaultConfigurationIsVisible = 0;
			defaultConfigurationName = Release;
		};
		476F291828EBC7E300847870 /* Build configuration list for PBXNativeTarget "UI-689" */ = {
			isa = XCConfigurationList;
			buildConfigurations = (
				476F291928EBC7E300847870 /* Debug */,
				476F291A28EBC7E300847870 /* Release */,
			);
			defaultConfigurationIsVisible = 0;
			defaultConfigurationName = Release;
		};
		476F291B28EBC7E300847870 /* Build configuration list for PBXNativeTarget "UI-689Tests" */ = {
			isa = XCConfigurationList;
			buildConfigurations = (
				476F291C28EBC7E300847870 /* Debug */,
				476F291D28EBC7E300847870 /* Release */,
			);
			defaultConfigurationIsVisible = 0;
			defaultConfigurationName = Release;
		};
		476F291E28EBC7E300847870 /* Build configuration list for PBXNativeTarget "UI-689UITests" */ = {
			isa = XCConfigurationList;
			buildConfigurations = (
				476F291F28EBC7E300847870 /* Debug */,
				476F292028EBC7E300847870 /* Release */,
			);
			defaultConfigurationIsVisible = 0;
			defaultConfigurationName = Release;
		};
/* End XCConfigurationList section */
	};
	rootObject = 476F28EC28EBC7E200847870 /* Project object */;
}
